{
  "lib/rain.deploy": {
    "rev": "43a6ed3a98f0141e1963b4b9136e8c80e2889bd1"
  },
  "lib/rain.extrospection": {
    "rev": "e32def40f2a5fda5f466ccd091bb22da3f6f8111"
  },
  "lib/rain.tofu.erc20-decimals": {
    "rev": "67b81b417e3f2311f71058d526e4c16518b393cc"
  },
  "lib/rain.vats": {
    "rev": "cad9ca4c9f230c97d481c58f635a33c774e22c07"
  }
}